
Microsoft Visual Studio Solution File, Format Version 12.00
# Visual Studio Version 17
VisualStudioVersion = 17.4.33213.308
MinimumVisualStudioVersion = 10.0.40219.1
Project("{2150E333-8FDC-42A3-9474-1A3956D46DE8}") = "src", "src", "{7346DEC3-3E3D-4787-B61D-B8E65892329D}"
EndProject
Project("{2150E333-8FDC-42A3-9474-1A3956D46DE8}") = "tests", "tests", "{4B0908F7-120D-446E-8ADC-A8BB72790D05}"
EndProject
Project("{9A19103F-16F7-4668-BE54-9A1E7A4F7556}") = "WebApi", "src\WebApi\WebApi.csproj", "{09E3AFE3-B369-43A9-A5C1-8CB13B284672}"
EndProject
Project("{9A19103F-16F7-4668-BE54-9A1E7A4F7556}") = "Application", "src\Application\Application.csproj", "{B4894045-060D-41E4-9BEA-DB63C6913DCB}"
EndProject
Project("{9A19103F-16F7-4668-BE54-9A1E7A4F7556}") = "Domain", "src\Domain\Domain.csproj", "{24A1A0B2-0E17-4BF5-AE38-03DE5ED50D82}"
EndProject
Global
	GlobalSection(SolutionConfigurationPlatforms) = preSolution
		Debug|Any CPU = Debug|Any CPU
		Release|Any CPU = Release|Any CPU
	EndGlobalSection
	GlobalSection(ProjectConfigurationPlatforms) = postSolution
		{09E3AFE3-B369-43A9-A5C1-8CB13B284672}.Debug|Any CPU.ActiveCfg = Debug|Any CPU
		{09E3AFE3-B369-43A9-A5C1-8CB13B284672}.Debug|Any CPU.Build.0 = Debug|Any CPU
		{09E3AFE3-B369-43A9-A5C1-8CB13B284672}.Release|Any CPU.ActiveCfg = Release|Any CPU
		{09E3AFE3-B369-43A9-A5C1-8CB13B284672}.Release|Any CPU.Build.0 = Release|Any CPU
		{B4894045-060D-41E4-9BEA-DB63C6913DCB}.Debug|Any CPU.ActiveCfg = Debug|Any CPU
		{B4894045-060D-41E4-9BEA-DB63C6913DCB}.Debug|Any CPU.Build.0 = Debug|Any CPU
		{B4894045-060D-41E4-9BEA-DB63C6913DCB}.Release|Any CPU.ActiveCfg = Release|Any CPU
		{B4894045-060D-41E4-9BEA-DB63C6913DCB}.Release|Any CPU.Build.0 = Release|Any CPU
		{24A1A0B2-0E17-4BF5-AE38-03DE5ED50D82}.Debug|Any CPU.ActiveCfg = Debug|Any CPU
		{24A1A0B2-0E17-4BF5-AE38-03DE5ED50D82}.Debug|Any CPU.Build.0 = Debug|Any CPU
		{24A1A0B2-0E17-4BF5-AE38-03DE5ED50D82}.Release|Any CPU.ActiveCfg = Release|Any CPU
		{24A1A0B2-0E17-4BF5-AE38-03DE5ED50D82}.Release|Any CPU.Build.0 = Release|Any CPU
	EndGlobalSection
	GlobalSection(SolutionProperties) = preSolution
		HideSolutionNode = FALSE
	EndGlobalSection
	GlobalSection(NestedProjects) = preSolution
		{09E3AFE3-B369-43A9-A5C1-8CB13B284672} = {7346DEC3-3E3D-4787-B61D-B8E65892329D}
		{B4894045-060D-41E4-9BEA-DB63C6913DCB} = {7346DEC3-3E3D-4787-B61D-B8E65892329D}
		{24A1A0B2-0E17-4BF5-AE38-03DE5ED50D82} = {7346DEC3-3E3D-4787-B61D-B8E65892329D}
	EndGlobalSection
	GlobalSection(ExtensibilityGlobals) = postSolution
		SolutionGuid = {F603C621-826C-443D-B37D-AB8796BC2097}
	EndGlobalSection
EndGlobal
